{
  "lockfileVersion": 1,
  "workspaces": {
    "": {
      "name": "openai-compatible-cli",
      "dependencies": {
        "openai": "^6.29.0",
        "picocolors": "^1.1.1",
      },
    },
  },
  "packages": {
    "openai": ["openai@6.29.0", "", { "peerDependencies": { "ws": "^8.18.0", "zod": "^3.25 || ^4.0" }, "optionalPeers": ["ws", "zod"], "bin": { "openai": "bin/cli" } }, "sha512-YxoArl2BItucdO89/sN6edksV0x47WUTgkgVfCgX7EuEMhbirENsgYe5oO4LTjBL9PtdKtk2WqND1gSLcTd2yw=="],

    "picocolors": ["picocolors@1.1.1", "", {}, "sha512-xceH2snhtb5M9liqDsmEw56le376mTZkEX/jEb/RxNFyegNul7eNslCXP9FDj/Lcu0X8KEyMceP2ntpaHrDEVA=="],
  }
}
